
Microsoft Visual Studio Solution File, Format Version 12.00
# Visual Studio Version 16
VisualStudioVersion = 16.0.30907.101
MinimumVisualStudioVersion = 10.0.40219.1
Project("{FAE04EC0-301F-11D3-BF4B-00C04F79EFBC}") = "DES_Algorithm", "DES_Algorithm\DES_Algorithm.csproj", "{5B62A9F6-14F2-4875-BB3D-A85D3E0B8410}"
EndProject
Global
	GlobalSection(SolutionConfigurationPlatforms) = preSolution
		Debug|Any CPU = Debug|Any CPU
		Release|Any CPU = Release|Any CPU
	EndGlobalSection
	GlobalSection(ProjectConfigurationPlatforms) = postSolution
		{5B62A9F6-14F2-4875-BB3D-A85D3E0B8410}.Debug|Any CPU.ActiveCfg = Debug|Any CPU
		{5B62A9F6-14F2-4875-BB3D-A85D3E0B8410}.Debug|Any CPU.Build.0 = Debug|Any CPU
		{5B62A9F6-14F2-4875-BB3D-A85D3E0B8410}.Release|Any CPU.ActiveCfg = Release|Any CPU
		{5B62A9F6-14F2-4875-BB3D-A85D3E0B8410}.Release|Any CPU.Build.0 = Release|Any CPU
	EndGlobalSection
	GlobalSection(SolutionProperties) = preSolution
		HideSolutionNode = FALSE
	EndGlobalSection
	GlobalSection(ExtensibilityGlobals) = postSolution
		SolutionGuid = {D4FB0E00-0AD9-4615-BC06-5FC5DF3CAD0C}
	EndGlobalSection
EndGlobal
